<?xml version="1.0" encoding="utf-8"?>
<Project ToolsVersion="15.0" xmlns="http://schemas.microsoft.com/developer/msbuild/2003">
  <ItemGroup>
    <ClCompile Include="F:\git_learn_with_github\Demo\math\MathFunctions.cc">
      <Filter>Source Files</Filter>
    </ClCompile>
  </ItemGroup>
  <ItemGroup>
    <CustomBuild Include="F:\git_learn_with_github\Demo\math\CMakeLists.txt" />
  </ItemGroup>
  <ItemGroup>
    <Filter Include="Source Files">
      <UniqueIdentifier>{D3D077A4-7846-3EEB-AE21-8C4E9E9E950D}</UniqueIdentifier>
    </Filter>
  </ItemGroup>
</Project>
